// !$*UTF8*$!
{
	archiveVersion = 1;
	classes = {
	};
	objectVersion = 46;
	objects = {

/* Begin PBXBuildFile section */
		656AB10719679D7700CB8CBB /* AppDelegate.swift in Sources */ = {isa = PBXBuildFile; fileRef = 656AB10619679D7700CB8CBB /* AppDelegate.swift */; };
		656AB10919679D7700CB8CBB /* ViewController.swift in Sources */ = {isa = PBXBuildFile; fileRef = 656AB10819679D7700CB8CBB /* ViewController.swift */; };
		656AB10C19679D7700CB8CBB /* Main.storyboard in Resources */ = {isa = PBXBuildFile; fileRef = 656AB10A19679D7700CB8CBB /* Main.storyboard */; };
		656AB10E19679D7700CB8CBB /* Images.xcassets in Resources */ = {isa = PBXBuildFile; fileRef = 656AB10D19679D7700CB8CBB /* Images.xcassets */; };
		656AB11A19679D7700CB8CBB /* TipCalculatorTests.swift in Sources */ = {isa = PBXBuildFile; fileRef = 656AB11919679D7700CB8CBB /* TipCalculatorTests.swift */; };
		656AB12419679F6200CB8CBB /* TipCalculatorModel.swift in Sources */ = {isa = PBXBuildFile; fileRef = 656AB12319679F6200CB8CBB /* TipCalculatorModel.swift */; };
/* End PBXBuildFile section */

/* Begin PBXContainerItemProxy section */
		656AB11419679D7700CB8CBB /* PBXContainerItemProxy */ = {
			isa = PBXContainerItemProxy;
			containerPortal = 656AB0F919679D7600CB8CBB /* Project object */;
			proxyType = 1;
			remoteGlobalIDString = 656AB10019679D7700CB8CBB;
			remoteInfo = TipCalculator;
		};
/* End PBXContainerItemProxy section */

/* Begin PBXFileReference section */
		656AB10119679D7700CB8CBB /* TipCalculator.app */ = {isa = PBXFileReference; explicitFileType = wrapper.application; includeInIndex = 0; path = TipCalculator.app; sourceTree = BUILT_PRODUCTS_DIR; };
		656AB10519679D7700CB8CBB /* Info.plist */ = {isa = PBXFileReference; lastKnownFileType = text.plist.xml; path = Info.plist; sourceTree = "<group>"; };
		656AB10619679D7700CB8CBB /* AppDelegate.swift */ = {isa = PBXFileReference; lastKnownFileType = sourcecode.swift; path = AppDelegate.swift; sourceTree = "<group>"; };
		656AB10819679D7700CB8CBB /* ViewController.swift */ = {isa = PBXFileReference; lastKnownFileType = sourcecode.swift; path = ViewController.swift; sourceTree = "<group>"; };
		656AB10B19679D7700CB8CBB /* Base */ = {isa = PBXFileReference; lastKnownFileType = file.storyboard; name = Base; path = Base.lproj/Main.storyboard; sourceTree = "<group>"; };
		656AB10D19679D7700CB8CBB /* Images.xcassets */ = {isa = PBXFileReference; lastKnownFileType = folder.assetcatalog; path = Images.xcassets; sourceTree = "<group>"; };
		656AB11319679D7700CB8CBB /* TipCalculatorTests.xctest */ = {isa = PBXFileReference; explicitFileType = wrapper.cfbundle; includeInIndex = 0; path = TipCalculatorTests.xctest; sourceTree = BUILT_PRODUCTS_DIR; };
		656AB11819679D7700CB8CBB /* Info.plist */ = {isa = PBXFileReference; lastKnownFileType = text.plist.xml; path = Info.plist; sourceTree = "<group>"; };
		656AB11919679D7700CB8CBB /* TipCalculatorTests.swift */ = {isa = PBXFileReference; lastKnownFileType = sourcecode.swift; path = TipCalculatorTests.swift; sourceTree = "<group>"; };
		656AB12319679F6200CB8CBB /* TipCalculatorModel.swift */ = {isa = PBXFileReference; fileEncoding = 4; lastKnownFileType = sourcecode.swift; path = TipCalculatorModel.swift; sourceTree = "<group>"; };
/* End PBXFileReference section */

/* Begin PBXFrameworksBuildPhase section */
		656AB0FE19679D7700CB8CBB /* Frameworks */ = {
			isa = PBXFrameworksBuildPhase;
			buildActionMask = 2147483647;
			files = (
			);
			runOnlyForDeploymentPostprocessing = 0;
		};
		656AB11019679D7700CB8CBB /* Frameworks */ = {
			isa = PBXFrameworksBuildPhase;
			buildActionMask = 2147483647;
			files = (
			);
			runOnlyForDeploymentPostprocessing = 0;
		};
/* End PBXFrameworksBuildPhase section */

/* Begin PBXGroup section */
		656AB0F819679D7600CB8CBB = {
			isa = PBXGroup;
			children = (
				656AB10319679D7700CB8CBB /* TipCalculator */,
				656AB11619679D7700CB8CBB /* TipCalculatorTests */,
				656AB10219679D7700CB8CBB /* Products */,
			);
			sourceTree = "<group>";
		};
		656AB10219679D7700CB8CBB /* Products */ = {
			isa = PBXGroup;
			children = (
				656AB10119679D7700CB8CBB /* TipCalculator.app */,
				656AB11319679D7700CB8CBB /* TipCalculatorTests.xctest */,
			);
			name = Products;
			sourceTree = "<group>";
		};
		656AB10319679D7700CB8CBB /* TipCalculator */ = {
			isa = PBXGroup;
			children = (
				656AB10619679D7700CB8CBB /* AppDelegate.swift */,
				656AB10819679D7700CB8CBB /* ViewController.swift */,
				656AB10A19679D7700CB8CBB /* Main.storyboard */,
				656AB10D19679D7700CB8CBB /* Images.xcassets */,
				656AB10419679D7700CB8CBB /* Supporting Files */,
				656AB12319679F6200CB8CBB /* TipCalculatorModel.swift */,
			);
			path = TipCalculator;
			sourceTree = "<group>";
		};
		656AB10419679D7700CB8CBB /* Supporting Files */ = {
			isa = PBXGroup;
			children = (
				656AB10519679D7700CB8CBB /* Info.plist */,
			);
			name = "Supporting Files";
			sourceTree = "<group>";
		};
		656AB11619679D7700CB8CBB /* TipCalculatorTests */ = {
			isa = PBXGroup;
			children = (
				656AB11919679D7700CB8CBB /* TipCalculatorTests.swift */,
				656AB11719679D7700CB8CBB /* Supporting Files */,
			);
			path = TipCalculatorTests;
			sourceTree = "<group>";
		};
		656AB11719679D7700CB8CBB /* Supporting Files */ = {
			isa = PBXGroup;
			children = (
				656AB11819679D7700CB8CBB /* Info.plist */,
			);
			name = "Supporting Files";
			sourceTree = "<group>";
		};
/* End PBXGroup section */

/* Begin PBXNativeTarget section */
		656AB10019679D7700CB8CBB /* TipCalculator */ = {
			isa = PBXNativeTarget;
			buildConfigurationList = 656AB11D19679D7700CB8CBB /* Build configuration list for PBXNativeTarget "TipCalculator" */;
			buildPhases = (
				656AB0FD19679D7700CB8CBB /* Sources */,
				656AB0FE19679D7700CB8CBB /* Frameworks */,
				656AB0FF19679D7700CB8CBB /* Resources */,
			);
			buildRules = (
			);
			dependencies = (
			);
			name = TipCalculator;
			productName = TipCalculator;
			productReference = 656AB10119679D7700CB8CBB /* TipCalculator.app */;
			productType = "com.apple.product-type.application";
		};
		656AB11219679D7700CB8CBB /* TipCalculatorTests */ = {
			isa = PBXNativeTarget;
			buildConfigurationList = 656AB12019679D7700CB8CBB /* Build configuration list for PBXNativeTarget "TipCalculatorTests" */;
			buildPhases = (
				656AB10F19679D7700CB8CBB /* Sources */,
				656AB11019679D7700CB8CBB /* Frameworks */,
				656AB11119679D7700CB8CBB /* Resources */,
			);
			buildRules = (
			);
			dependencies = (
				656AB11519679D7700CB8CBB /* PBXTargetDependency */,
			);
			name = TipCalculatorTests;
			productName = TipCalculatorTests;
			productReference = 656AB11319679D7700CB8CBB /* TipCalculatorTests.xctest */;
			productType = "com.apple.product-type.bundle.unit-test";
		};
/* End PBXNativeTarget section */

/* Begin PBXProject section */
		656AB0F919679D7600CB8CBB /* Project object */ = {
			isa = PBXProject;
			attributes = {
				LastUpgradeCheck = 0600;
				ORGANIZATIONNAME = GODPAPER;
				TargetAttributes = {
					656AB10019679D7700CB8CBB = {
						CreatedOnToolsVersion = 6.0;
					};
					656AB11219679D7700CB8CBB = {
						CreatedOnToolsVersion = 6.0;
						TestTargetID = 656AB10019679D7700CB8CBB;
					};
				};
			};
			buildConfigurationList = 656AB0FC19679D7600CB8CBB /* Build configuration list for PBXProject "TipCalculator" */;
			compatibilityVersion = "Xcode 3.2";
			developmentRegion = English;
			hasScannedForEncodings = 0;
			knownRegions = (
				en,
				Base,
			);
			mainGroup = 656AB0F819679D7600CB8CBB;
			productRefGroup = 656AB10219679D7700CB8CBB /* Products */;
			projectDirPath = "";
			projectRoot = "";
			targets = (
				656AB10019679D7700CB8CBB /* TipCalculator */,
				656AB11219679D7700CB8CBB /* TipCalculatorTests */,
			);
		};
/* End PBXProject section */

/* Begin PBXResourcesBuildPhase section */
		656AB0FF19679D7700CB8CBB /* Resources */ = {
			isa = PBXResourcesBuildPhase;
			buildActionMask = 2147483647;
			files = (
				656AB10C19679D7700CB8CBB /* Main.storyboard in Resources */,
				656AB10E19679D7700CB8CBB /* Images.xcassets in Resources */,
			);
			runOnlyForDeploymentPostprocessing = 0;
		};
		656AB11119679D7700CB8CBB /* Resources */ = {
			isa = PBXResourcesBuildPhase;
			buildActionMask = 2147483647;
			files = (
			);
			runOnlyForDeploymentPostprocessing = 0;
		};
/* End PBXResourcesBuildPhase section */

/* Begin PBXSourcesBuildPhase section */
		656AB0FD19679D7700CB8CBB /* Sources */ = {
			isa = PBXSourcesBuildPhase;
			buildActionMask = 2147483647;
			files = (
				656AB12419679F6200CB8CBB /* TipCalculatorModel.swift in Sources */,
				656AB10919679D7700CB8CBB /* ViewController.swift in Sources */,
				656AB10719679D7700CB8CBB /* AppDelegate.swift in Sources */,
			);
			runOnlyForDeploymentPostprocessing = 0;
		};
		656AB10F19679D7700CB8CBB /* Sources */ = {
			isa = PBXSourcesBuildPhase;
			buildActionMask = 2147483647;
			files = (
				656AB11A19679D7700CB8CBB /* TipCalculatorTests.swift in Sources */,
			);
			runOnlyForDeploymentPostprocessing = 0;
		};
/* End PBXSourcesBuildPhase section */

/* Begin PBXTargetDependency section */
		656AB11519679D7700CB8CBB /* PBXTargetDependency */ = {
			isa = PBXTargetDependency;
			target = 656AB10019679D7700CB8CBB /* TipCalculator */;
			targetProxy = 656AB11419679D7700CB8CBB /* PBXContainerItemProxy */;
		};
/* End PBXTargetDependency section */

/* Begin PBXVariantGroup section */
		656AB10A19679D7700CB8CBB /* Main.storyboard */ = {
			isa = PBXVariantGroup;
			children = (
				656AB10B19679D7700CB8CBB /* Base */,
			);
			name = Main.storyboard;
			sourceTree = "<group>";
		};
/* End PBXVariantGroup section */

/* Begin XCBuildConfiguration section */
		656AB11B19679D7700CB8CBB /* Debug */ = {
			isa = XCBuildConfiguration;
			buildSettings = {
				ALWAYS_SEARCH_USER_PATHS = NO;
				CLANG_CXX_LANGUAGE_STANDARD = "gnu++0x";
				CLANG_CXX_LIBRARY = "libc++";
				CLANG_ENABLE_MODULES = YES;
				CLANG_ENABLE_OBJC_ARC = YES;
				CLANG_WARN_BOOL_CONVERSION = YES;
				CLANG_WARN_CONSTANT_CONVERSION = YES;
				CLANG_WARN_DIRECT_OBJC_ISA_USAGE = YES_ERROR;
				CLANG_WARN_EMPTY_BODY = YES;
				CLANG_WARN_ENUM_CONVERSION = YES;
				CLANG_WARN_INT_CONVERSION = YES;
				CLANG_WARN_OBJC_ROOT_CLASS = YES_ERROR;
				CLANG_WARN_UNREACHABLE_CODE = YES;
				CLANG_WARN__DUPLICATE_METHOD_MATCH = YES;
				"CODE_SIGN_IDENTITY[sdk=iphoneos*]" = "iPhone Developer";
				COPY_PHASE_STRIP = NO;
				ENABLE_STRICT_OBJC_MSGSEND = YES;
				GCC_C_LANGUAGE_STANDARD = gnu99;
				GCC_DYNAMIC_NO_PIC = NO;
				GCC_OPTIMIZATION_LEVEL = 0;
				GCC_PREPROCESSOR_DEFINITIONS = (
					"DEBUG=1",
					"$(inherited)",
				);
				GCC_SYMBOLS_PRIVATE_EXTERN = NO;
				GCC_WARN_64_TO_32_BIT_CONVERSION = YES;
				GCC_WARN_ABOUT_RETURN_TYPE = YES_ERROR;
				GCC_WARN_UNDECLARED_SELECTOR = YES;
				GCC_WARN_UNINITIALIZED_AUTOS = YES_AGGRESSIVE;
				GCC_WARN_UNUSED_FUNCTION = YES;
				GCC_WARN_UNUSED_VARIABLE = YES;
				IPHONEOS_DEPLOYMENT_TARGET = 8.0;
				METAL_ENABLE_DEBUG_INFO = YES;
				ONLY_ACTIVE_ARCH = YES;
				SDKROOT = iphoneos;
				SWIFT_OPTIMIZATION_LEVEL = "-Onone";
			};
			name = Debug;
		};
		656AB11C19679D7700CB8CBB /* Release */ = {
			isa = XCBuildConfiguration;
			buildSettings = {
				ALWAYS_SEARCH_USER_PATHS = NO;
				CLANG_CXX_LANGUAGE_STANDARD = "gnu++0x";
				CLANG_CXX_LIBRARY = "libc++";
				CLANG_ENABLE_MODULES = YES;
				CLANG_ENABLE_OBJC_ARC = YES;
				CLANG_WARN_BOOL_CONVERSION = YES;
				CLANG_WARN_CONSTANT_CONVERSION = YES;
				CLANG_WARN_DIRECT_OBJC_ISA_USAGE = YES_ERROR;
				CLANG_WARN_EMPTY_BODY = YES;
				CLANG_WARN_ENUM_CONVERSION = YES;
				CLANG_WARN_INT_CONVERSION = YES;
				CLANG_WARN_OBJC_ROOT_CLASS = YES_ERROR;
				CLANG_WARN_UNREACHABLE_CODE = YES;
				CLANG_WARN__DUPLICATE_METHOD_MATCH = YES;
				"CODE_SIGN_IDENTITY[sdk=iphoneos*]" = "iPhone Developer";
				COPY_PHASE_STRIP = YES;
				ENABLE_NS_ASSERTIONS = NO;
				ENABLE_STRICT_OBJC_MSGSEND = YES;
				GCC_C_LANGUAGE_STANDARD = gnu99;
				GCC_WARN_64_TO_32_BIT_CONVERSION = YES;
				GCC_WARN_ABOUT_RETURN_TYPE = YES_ERROR;
				GCC_WARN_UNDECLARED_SELECTOR = YES;
				GCC_WARN_UNINITIALIZED_AUTOS = YES_AGGRESSIVE;
				GCC_WARN_UNUSED_FUNCTION = YES;
				GCC_WARN_UNUSED_VARIABLE = YES;
				IPHONEOS_DEPLOYMENT_TARGET = 8.0;
				METAL_ENABLE_DEBUG_INFO = NO;
				SDKROOT = iphoneos;
				VALIDATE_PRODUCT = YES;
			};
			name = Release;
		};
		656AB11E19679D7700CB8CBB /* Debug */ = {
			isa = XCBuildConfiguration;
			buildSettings = {
				ASSETCATALOG_COMPILER_APPICON_NAME = AppIcon;
				ASSETCATALOG_COMPILER_LAUNCHIMAGE_NAME = LaunchImage;
				INFOPLIST_FILE = TipCalculator/Info.plist;
				LD_RUNPATH_SEARCH_PATHS = "$(inherited) @executable_path/Frameworks";
				PRODUCT_NAME = "$(TARGET_NAME)";
			};
			name = Debug;
		};
		656AB11F19679D7700CB8CBB /* Release */ = {
			isa = XCBuildConfiguration;
			buildSettings = {
				ASSETCATALOG_COMPILER_APPICON_NAME = AppIcon;
				ASSETCATALOG_COMPILER_LAUNCHIMAGE_NAME = LaunchImage;
				INFOPLIST_FILE = TipCalculator/Info.plist;
				LD_RUNPATH_SEARCH_PATHS = "$(inherited) @executable_path/Frameworks";
				PRODUCT_NAME = "$(TARGET_NAME)";
			};
			name = Release;
		};
		656AB12119679D7700CB8CBB /* Debug */ = {
			isa = XCBuildConfiguration;
			buildSettings = {
				BUNDLE_LOADER = "$(BUILT_PRODUCTS_DIR)/TipCalculator.app/TipCalculator";
				FRAMEWORK_SEARCH_PATHS = (
					"$(SDKROOT)/Developer/Library/Frameworks",
					"$(inherited)",
				);
				GCC_PREPROCESSOR_DEFINITIONS = (
					"DEBUG=1",
					"$(inherited)",
				);
				INFOPLIST_FILE = TipCalculatorTests/Info.plist;
				LD_RUNPATH_SEARCH_PATHS = "$(inherited) @executable_path/Frameworks @loader_path/Frameworks";
				METAL_ENABLE_DEBUG_INFO = YES;
				PRODUCT_NAME = "$(TARGET_NAME)";
				TEST_HOST = "$(BUNDLE_LOADER)";
			};
			name = Debug;
		};
		656AB12219679D7700CB8CBB /* Release */ = {
			isa = XCBuildConfiguration;
			buildSettings = {
				BUNDLE_LOADER = "$(BUILT_PRODUCTS_DIR)/TipCalculator.app/TipCalculator";
				FRAMEWORK_SEARCH_PATHS = (
					"$(SDKROOT)/Developer/Library/Frameworks",
					"$(inherited)",
				);
				INFOPLIST_FILE = TipCalculatorTests/Info.plist;
				LD_RUNPATH_SEARCH_PATHS = "$(inherited) @executable_path/Frameworks @loader_path/Frameworks";
				METAL_ENABLE_DEBUG_INFO = NO;
				PRODUCT_NAME = "$(TARGET_NAME)";
				TEST_HOST = "$(BUNDLE_LOADER)";
			};
			name = Release;
		};
/* End XCBuildConfiguration section */

/* Begin XCConfigurationList section */
		656AB0FC19679D7600CB8CBB /* Build configuration list for PBXProject "TipCalculator" */ = {
			isa = XCConfigurationList;
			buildConfigurations = (
				656AB11B19679D7700CB8CBB /* Debug */,
				656AB11C19679D7700CB8CBB /* Release */,
			);
			defaultConfigurationIsVisible = 0;
			defaultConfigurationName = Release;
		};
		656AB11D19679D7700CB8CBB /* Build configuration list for PBXNativeTarget "TipCalculator" */ = {
			isa = XCConfigurationList;
			buildConfigurations = (
				656AB11E19679D7700CB8CBB /* Debug */,
				656AB11F19679D7700CB8CBB /* Release */,
			);
			defaultConfigurationIsVisible = 0;
		};
		656AB12019679D7700CB8CBB /* Build configuration list for PBXNativeTarget "TipCalculatorTests" */ = {
			isa = XCConfigurationList;
			buildConfigurations = (
				656AB12119679D7700CB8CBB /* Debug */,
				656AB12219679D7700CB8CBB /* Release */,
			);
			defaultConfigurationIsVisible = 0;
		};
/* End XCConfigurationList section */
	};
	rootObject = 656AB0F919679D7600CB8CBB /* Project object */;
}
